
Microsoft Visual Studio Solution File, Format Version 12.00
# Visual Studio Version 17
VisualStudioVersion = 17.9.34723.18
MinimumVisualStudioVersion = 10.0.40219.1
Project("{FAE04EC0-301F-11D3-BF4B-00C04F79EFBC}") = "WindowsFormsEFApplication", "WindowsFormsEFApplication\WindowsFormsEFApplication.csproj", "{19DF57F1-FD31-4854-9957-E92511D513CD}"
EndProject
Global
	GlobalSection(SolutionConfigurationPlatforms) = preSolution
		Debug|Any CPU = Debug|Any CPU
		Release|Any CPU = Release|Any CPU
	EndGlobalSection
	GlobalSection(ProjectConfigurationPlatforms) = postSolution
		{19DF57F1-FD31-4854-9957-E92511D513CD}.Debug|Any CPU.ActiveCfg = Debug|Any CPU
		{19DF57F1-FD31-4854-9957-E92511D513CD}.Debug|Any CPU.Build.0 = Debug|Any CPU
		{19DF57F1-FD31-4854-9957-E92511D513CD}.Release|Any CPU.ActiveCfg = Release|Any CPU
		{19DF57F1-FD31-4854-9957-E92511D513CD}.Release|Any CPU.Build.0 = Release|Any CPU
	EndGlobalSection
	GlobalSection(SolutionProperties) = preSolution
		HideSolutionNode = FALSE
	EndGlobalSection
	GlobalSection(ExtensibilityGlobals) = postSolution
		SolutionGuid = {E4F4BF5F-D02A-48F6-9A88-E9505B014354}
	EndGlobalSection
EndGlobal
